# generated by rye
# use `rye lock` or `rye sync` to update this lockfile
#
# last locked with the following flags:
#   pre: false
#   features: []
#   all-features: false
#   with-sources: false
#   generate-hashes: false
#   universal: false

-e file:.
dataclasses-json==0.6.7
    # via data-maki
marshmallow==3.22.0
    # via dataclasses-json
mypy-extensions==1.0.0
    # via typing-inspect
numpy==2.1.2
    # via data-maki
packaging==24.1
    # via marshmallow
typing-extensions==4.12.2
    # via typing-inspect
typing-inspect==0.9.0
    # via dataclasses-json
